
Microsoft Visual Studio Solution File, Format Version 12.00
# Visual Studio Version 17
VisualStudioVersion = 17.3.32825.248
MinimumVisualStudioVersion = 10.0.40219.1
Project("{8BC9CEB8-8B4A-11D0-8D11-00A0C91BC942}") = "CppCLR_WinFormsProject1", "CppCLR_WinFormsProject1\CppCLR_WinFormsProject1.vcxproj", "{CCF6347D-4D87-4444-9A29-B8667539C0EC}"
EndProject
Global
	GlobalSection(SolutionConfigurationPlatforms) = preSolution
		Debug|x64 = Debug|x64
		Debug|x86 = Debug|x86
		Release|x64 = Release|x64
		Release|x86 = Release|x86
	EndGlobalSection
	GlobalSection(ProjectConfigurationPlatforms) = postSolution
		{CCF6347D-4D87-4444-9A29-B8667539C0EC}.Debug|x64.ActiveCfg = Debug|x64
		{CCF6347D-4D87-4444-9A29-B8667539C0EC}.Debug|x64.Build.0 = Debug|x64
		{CCF6347D-4D87-4444-9A29-B8667539C0EC}.Debug|x86.ActiveCfg = Debug|Win32
		{CCF6347D-4D87-4444-9A29-B8667539C0EC}.Debug|x86.Build.0 = Debug|Win32
		{CCF6347D-4D87-4444-9A29-B8667539C0EC}.Release|x64.ActiveCfg = Release|x64
		{CCF6347D-4D87-4444-9A29-B8667539C0EC}.Release|x64.Build.0 = Release|x64
		{CCF6347D-4D87-4444-9A29-B8667539C0EC}.Release|x86.ActiveCfg = Release|Win32
		{CCF6347D-4D87-4444-9A29-B8667539C0EC}.Release|x86.Build.0 = Release|Win32
	EndGlobalSection
	GlobalSection(SolutionProperties) = preSolution
		HideSolutionNode = FALSE
	EndGlobalSection
	GlobalSection(ExtensibilityGlobals) = postSolution
		SolutionGuid = {A029B4EE-7F1C-4ADA-8701-66E9EE2D83FD}
	EndGlobalSection
EndGlobal
